
Microsoft Visual Studio Solution File, Format Version 12.00
# Visual Studio Version 16
VisualStudioVersion = 16.0.29728.190
MinimumVisualStudioVersion = 10.0.40219.1
Project("{FAE04EC0-301F-11D3-BF4B-00C04F79EFBC}") = "MyFirstAPI", "MyFirstAPI\MyFirstAPI.csproj", "{C25943B8-7ED7-4E96-8421-568BD008D6E3}"
EndProject
Global
	GlobalSection(SolutionConfigurationPlatforms) = preSolution
		Debug|Any CPU = Debug|Any CPU
		Release|Any CPU = Release|Any CPU
	EndGlobalSection
	GlobalSection(ProjectConfigurationPlatforms) = postSolution
		{C25943B8-7ED7-4E96-8421-568BD008D6E3}.Debug|Any CPU.ActiveCfg = Debug|Any CPU
		{C25943B8-7ED7-4E96-8421-568BD008D6E3}.Debug|Any CPU.Build.0 = Debug|Any CPU
		{C25943B8-7ED7-4E96-8421-568BD008D6E3}.Release|Any CPU.ActiveCfg = Release|Any CPU
		{C25943B8-7ED7-4E96-8421-568BD008D6E3}.Release|Any CPU.Build.0 = Release|Any CPU
	EndGlobalSection
	GlobalSection(SolutionProperties) = preSolution
		HideSolutionNode = FALSE
	EndGlobalSection
	GlobalSection(ExtensibilityGlobals) = postSolution
		SolutionGuid = {46C806FA-70C6-4173-9611-74E61C68EDC6}
	EndGlobalSection
EndGlobal
